// !$*UTF8*$!
{
	archiveVersion = 1;
	classes = {
	};
	objectVersion = 56;
	objects = {

/* Begin PBXBuildFile section */
		1628FA5F2D81FC08000C3038 /* CyrideLAApp.swift in Sources */ = {isa = PBXBuildFile; fileRef = 1628FA5E2D81FC08000C3038 /* CyrideLAApp.swift */; };
		1628FA612D81FC08000C3038 /* ContentView.swift in Sources */ = {isa = PBXBuildFile; fileRef = 1628FA602D81FC08000C3038 /* ContentView.swift */; };
		1628FA632D81FC0A000C3038 /* Assets.xcassets in Resources */ = {isa = PBXBuildFile; fileRef = 1628FA622D81FC0A000C3038 /* Assets.xcassets */; };
		1628FA662D81FC0A000C3038 /* Preview Assets.xcassets in Resources */ = {isa = PBXBuildFile; fileRef = 1628FA652D81FC0A000C3038 /* Preview Assets.xcassets */; };
		1628FA6E2D81FED2000C3038 /* RealmSwift in Frameworks */ = {isa = PBXBuildFile; productRef = 1628FA6D2D81FED2000C3038 /* RealmSwift */; };
		1628FA762D81FF16000C3038 /* WidgetKit.framework in Frameworks */ = {isa = PBXBuildFile; fileRef = 1628FA752D81FF16000C3038 /* WidgetKit.framework */; };
		1628FA782D81FF16000C3038 /* SwiftUI.framework in Frameworks */ = {isa = PBXBuildFile; fileRef = 1628FA772D81FF16000C3038 /* SwiftUI.framework */; };
		1628FA7B2D81FF16000C3038 /* cyrideInfoBundle.swift in Sources */ = {isa = PBXBuildFile; fileRef = 1628FA7A2D81FF16000C3038 /* cyrideInfoBundle.swift */; };
		1628FA7D2D81FF16000C3038 /* cyrideInfoLiveActivity.swift in Sources */ = {isa = PBXBuildFile; fileRef = 1628FA7C2D81FF16000C3038 /* cyrideInfoLiveActivity.swift */; };
		1628FA7F2D81FF16000C3038 /* cyrideInfo.swift in Sources */ = {isa = PBXBuildFile; fileRef = 1628FA7E2D81FF16000C3038 /* cyrideInfo.swift */; };
		1628FA812D81FF18000C3038 /* Assets.xcassets in Resources */ = {isa = PBXBuildFile; fileRef = 1628FA802D81FF18000C3038 /* Assets.xcassets */; };
		1628FA852D81FF18000C3038 /* cyrideInfoExtension.appex in Embed Foundation Extensions */ = {isa = PBXBuildFile; fileRef = 1628FA732D81FF16000C3038 /* cyrideInfoExtension.appex */; settings = {ATTRIBUTES = (RemoveHeadersOnCopy, ); }; };
		1628FA8B2D81FF50000C3038 /* CyrideAttributes.swift in Sources */ = {isa = PBXBuildFile; fileRef = 1628FA8A2D81FF50000C3038 /* CyrideAttributes.swift */; };
		164C43C32D84C5C4004276C3 /* RoutesStruct.swift in Sources */ = {isa = PBXBuildFile; fileRef = 164C43C22D84C5C4004276C3 /* RoutesStruct.swift */; };
		164C43C52D84C8B9004276C3 /* VehiclesStruct.swift in Sources */ = {isa = PBXBuildFile; fileRef = 164C43C42D84C8B9004276C3 /* VehiclesStruct.swift */; };
		164C43C72D84CD66004276C3 /* StopsStruct.swift in Sources */ = {isa = PBXBuildFile; fileRef = 164C43C62D84CD66004276C3 /* StopsStruct.swift */; };
/* End PBXBuildFile section */

/* Begin PBXContainerItemProxy section */
		1628FA832D81FF18000C3038 /* PBXContainerItemProxy */ = {
			isa = PBXContainerItemProxy;
			containerPortal = 1628FA532D81FC08000C3038 /* Project object */;
			proxyType = 1;
			remoteGlobalIDString = 1628FA722D81FF16000C3038;
			remoteInfo = cyrideInfoExtension;
		};
/* End PBXContainerItemProxy section */

/* Begin PBXCopyFilesBuildPhase section */
		1628FA892D81FF18000C3038 /* Embed Foundation Extensions */ = {
			isa = PBXCopyFilesBuildPhase;
			buildActionMask = 2147483647;
			dstPath = "";
			dstSubfolderSpec = 13;
			files = (
				1628FA852D81FF18000C3038 /* cyrideInfoExtension.appex in Embed Foundation Extensions */,
			);
			name = "Embed Foundation Extensions";
			runOnlyForDeploymentPostprocessing = 0;
		};
/* End PBXCopyFilesBuildPhase section */

/* Begin PBXFileReference section */
		1628FA5B2D81FC08000C3038 /* CyrideLA.app */ = {isa = PBXFileReference; explicitFileType = wrapper.application; includeInIndex = 0; path = CyrideLA.app; sourceTree = BUILT_PRODUCTS_DIR; };
		1628FA5E2D81FC08000C3038 /* CyrideLAApp.swift */ = {isa = PBXFileReference; lastKnownFileType = sourcecode.swift; path = CyrideLAApp.swift; sourceTree = "<group>"; };
		1628FA602D81FC08000C3038 /* ContentView.swift */ = {isa = PBXFileReference; lastKnownFileType = sourcecode.swift; path = ContentView.swift; sourceTree = "<group>"; };
		1628FA622D81FC0A000C3038 /* Assets.xcassets */ = {isa = PBXFileReference; lastKnownFileType = folder.assetcatalog; path = Assets.xcassets; sourceTree = "<group>"; };
		1628FA652D81FC0A000C3038 /* Preview Assets.xcassets */ = {isa = PBXFileReference; lastKnownFileType = folder.assetcatalog; path = "Preview Assets.xcassets"; sourceTree = "<group>"; };
		1628FA732D81FF16000C3038 /* cyrideInfoExtension.appex */ = {isa = PBXFileReference; explicitFileType = "wrapper.app-extension"; includeInIndex = 0; path = cyrideInfoExtension.appex; sourceTree = BUILT_PRODUCTS_DIR; };
		1628FA752D81FF16000C3038 /* WidgetKit.framework */ = {isa = PBXFileReference; lastKnownFileType = wrapper.framework; name = WidgetKit.framework; path = System/Library/Frameworks/WidgetKit.framework; sourceTree = SDKROOT; };
		1628FA772D81FF16000C3038 /* SwiftUI.framework */ = {isa = PBXFileReference; lastKnownFileType = wrapper.framework; name = SwiftUI.framework; path = System/Library/Frameworks/SwiftUI.framework; sourceTree = SDKROOT; };
		1628FA7A2D81FF16000C3038 /* cyrideInfoBundle.swift */ = {isa = PBXFileReference; lastKnownFileType = sourcecode.swift; path = cyrideInfoBundle.swift; sourceTree = "<group>"; };
		1628FA7C2D81FF16000C3038 /* cyrideInfoLiveActivity.swift */ = {isa = PBXFileReference; lastKnownFileType = sourcecode.swift; path = cyrideInfoLiveActivity.swift; sourceTree = "<group>"; };
		1628FA7E2D81FF16000C3038 /* cyrideInfo.swift */ = {isa = PBXFileReference; lastKnownFileType = sourcecode.swift; path = cyrideInfo.swift; sourceTree = "<group>"; };
		1628FA802D81FF18000C3038 /* Assets.xcassets */ = {isa = PBXFileReference; lastKnownFileType = folder.assetcatalog; path = Assets.xcassets; sourceTree = "<group>"; };
		1628FA822D81FF18000C3038 /* Info.plist */ = {isa = PBXFileReference; lastKnownFileType = text.plist.xml; path = Info.plist; sourceTree = "<group>"; };
		1628FA8A2D81FF50000C3038 /* CyrideAttributes.swift */ = {isa = PBXFileReference; lastKnownFileType = sourcecode.swift; path = CyrideAttributes.swift; sourceTree = "<group>"; };
		164C43C22D84C5C4004276C3 /* RoutesStruct.swift */ = {isa = PBXFileReference; lastKnownFileType = sourcecode.swift; path = RoutesStruct.swift; sourceTree = "<group>"; };
		164C43C42D84C8B9004276C3 /* VehiclesStruct.swift */ = {isa = PBXFileReference; lastKnownFileType = sourcecode.swift; path = VehiclesStruct.swift; sourceTree = "<group>"; };
		164C43C62D84CD66004276C3 /* StopsStruct.swift */ = {isa = PBXFileReference; lastKnownFileType = sourcecode.swift; path = StopsStruct.swift; sourceTree = "<group>"; };
/* End PBXFileReference section */

/* Begin PBXFrameworksBuildPhase section */
		1628FA582D81FC08000C3038 /* Frameworks */ = {
			isa = PBXFrameworksBuildPhase;
			buildActionMask = 2147483647;
			files = (
				1628FA6E2D81FED2000C3038 /* RealmSwift in Frameworks */,
			);
			runOnlyForDeploymentPostprocessing = 0;
		};
		1628FA702D81FF16000C3038 /* Frameworks */ = {
			isa = PBXFrameworksBuildPhase;
			buildActionMask = 2147483647;
			files = (
				1628FA782D81FF16000C3038 /* SwiftUI.framework in Frameworks */,
				1628FA762D81FF16000C3038 /* WidgetKit.framework in Frameworks */,
			);
			runOnlyForDeploymentPostprocessing = 0;
		};
/* End PBXFrameworksBuildPhase section */

/* Begin PBXGroup section */
		1628FA522D81FC08000C3038 = {
			isa = PBXGroup;
			children = (
				1628FA5D2D81FC08000C3038 /* CyrideLA */,
				1628FA792D81FF16000C3038 /* cyrideInfo */,
				1628FA742D81FF16000C3038 /* Frameworks */,
				1628FA5C2D81FC08000C3038 /* Products */,
			);
			sourceTree = "<group>";
		};
		1628FA5C2D81FC08000C3038 /* Products */ = {
			isa = PBXGroup;
			children = (
				1628FA5B2D81FC08000C3038 /* CyrideLA.app */,
				1628FA732D81FF16000C3038 /* cyrideInfoExtension.appex */,
			);
			name = Products;
			sourceTree = "<group>";
		};
		1628FA5D2D81FC08000C3038 /* CyrideLA */ = {
			isa = PBXGroup;
			children = (
				1628FA5E2D81FC08000C3038 /* CyrideLAApp.swift */,
				1628FA602D81FC08000C3038 /* ContentView.swift */,
				1628FA622D81FC0A000C3038 /* Assets.xcassets */,
				1628FA642D81FC0A000C3038 /* Preview Content */,
				1628FA8A2D81FF50000C3038 /* CyrideAttributes.swift */,
				164C43C22D84C5C4004276C3 /* RoutesStruct.swift */,
				164C43C42D84C8B9004276C3 /* VehiclesStruct.swift */,
				164C43C62D84CD66004276C3 /* StopsStruct.swift */,
			);
			path = CyrideLA;
			sourceTree = "<group>";
		};
		1628FA642D81FC0A000C3038 /* Preview Content */ = {
			isa = PBXGroup;
			children = (
				1628FA652D81FC0A000C3038 /* Preview Assets.xcassets */,
			);
			path = "Preview Content";
			sourceTree = "<group>";
		};
		1628FA742D81FF16000C3038 /* Frameworks */ = {
			isa = PBXGroup;
			children = (
				1628FA752D81FF16000C3038 /* WidgetKit.framework */,
				1628FA772D81FF16000C3038 /* SwiftUI.framework */,
			);
			name = Frameworks;
			sourceTree = "<group>";
		};
		1628FA792D81FF16000C3038 /* cyrideInfo */ = {
			isa = PBXGroup;
			children = (
				1628FA7A2D81FF16000C3038 /* cyrideInfoBundle.swift */,
				1628FA7C2D81FF16000C3038 /* cyrideInfoLiveActivity.swift */,
				1628FA7E2D81FF16000C3038 /* cyrideInfo.swift */,
				1628FA802D81FF18000C3038 /* Assets.xcassets */,
				1628FA822D81FF18000C3038 /* Info.plist */,
			);
			path = cyrideInfo;
			sourceTree = "<group>";
		};
/* End PBXGroup section */

/* Begin PBXNativeTarget section */
		1628FA5A2D81FC08000C3038 /* CyrideLA */ = {
			isa = PBXNativeTarget;
			buildConfigurationList = 1628FA692D81FC0A000C3038 /* Build configuration list for PBXNativeTarget "CyrideLA" */;
			buildPhases = (
				1628FA572D81FC08000C3038 /* Sources */,
				1628FA582D81FC08000C3038 /* Frameworks */,
				1628FA592D81FC08000C3038 /* Resources */,
				1628FA892D81FF18000C3038 /* Embed Foundation Extensions */,
			);
			buildRules = (
			);
			dependencies = (
				1628FA842D81FF18000C3038 /* PBXTargetDependency */,
			);
			name = CyrideLA;
			packageProductDependencies = (
				1628FA6D2D81FED2000C3038 /* RealmSwift */,
			);
			productName = CyrideLA;
			productReference = 1628FA5B2D81FC08000C3038 /* CyrideLA.app */;
			productType = "com.apple.product-type.application";
		};
		1628FA722D81FF16000C3038 /* cyrideInfoExtension */ = {
			isa = PBXNativeTarget;
			buildConfigurationList = 1628FA862D81FF18000C3038 /* Build configuration list for PBXNativeTarget "cyrideInfoExtension" */;
			buildPhases = (
				1628FA6F2D81FF16000C3038 /* Sources */,
				1628FA702D81FF16000C3038 /* Frameworks */,
				1628FA712D81FF16000C3038 /* Resources */,
			);
			buildRules = (
			);
			dependencies = (
			);
			name = cyrideInfoExtension;
			productName = cyrideInfoExtension;
			productReference = 1628FA732D81FF16000C3038 /* cyrideInfoExtension.appex */;
			productType = "com.apple.product-type.app-extension";
		};
/* End PBXNativeTarget section */

/* Begin PBXProject section */
		1628FA532D81FC08000C3038 /* Project object */ = {
			isa = PBXProject;
			attributes = {
				BuildIndependentTargetsInParallel = 1;
				LastSwiftUpdateCheck = 1540;
				LastUpgradeCheck = 1540;
				TargetAttributes = {
					1628FA5A2D81FC08000C3038 = {
						CreatedOnToolsVersion = 15.4;
					};
					1628FA722D81FF16000C3038 = {
						CreatedOnToolsVersion = 15.4;
					};
				};
			};
			buildConfigurationList = 1628FA562D81FC08000C3038 /* Build configuration list for PBXProject "CyrideLA" */;
			compatibilityVersion = "Xcode 14.0";
			developmentRegion = en;
			hasScannedForEncodings = 0;
			knownRegions = (
				en,
				Base,
			);
			mainGroup = 1628FA522D81FC08000C3038;
			packageReferences = (
				1628FA6C2D81FED2000C3038 /* XCRemoteSwiftPackageReference "realm-swift" */,
			);
			productRefGroup = 1628FA5C2D81FC08000C3038 /* Products */;
			projectDirPath = "";
			projectRoot = "";
			targets = (
				1628FA5A2D81FC08000C3038 /* CyrideLA */,
				1628FA722D81FF16000C3038 /* cyrideInfoExtension */,
			);
		};
/* End PBXProject section */

/* Begin PBXResourcesBuildPhase section */
		1628FA592D81FC08000C3038 /* Resources */ = {
			isa = PBXResourcesBuildPhase;
			buildActionMask = 2147483647;
			files = (
				1628FA662D81FC0A000C3038 /* Preview Assets.xcassets in Resources */,
				1628FA632D81FC0A000C3038 /* Assets.xcassets in Resources */,
			);
			runOnlyForDeploymentPostprocessing = 0;
		};
		1628FA712D81FF16000C3038 /* Resources */ = {
			isa = PBXResourcesBuildPhase;
			buildActionMask = 2147483647;
			files = (
				1628FA812D81FF18000C3038 /* Assets.xcassets in Resources */,
			);
			runOnlyForDeploymentPostprocessing = 0;
		};
/* End PBXResourcesBuildPhase section */

/* Begin PBXSourcesBuildPhase section */
		1628FA572D81FC08000C3038 /* Sources */ = {
			isa = PBXSourcesBuildPhase;
			buildActionMask = 2147483647;
			files = (
				164C43C52D84C8B9004276C3 /* VehiclesStruct.swift in Sources */,
				164C43C32D84C5C4004276C3 /* RoutesStruct.swift in Sources */,
				1628FA612D81FC08000C3038 /* ContentView.swift in Sources */,
				1628FA5F2D81FC08000C3038 /* CyrideLAApp.swift in Sources */,
				164C43C72D84CD66004276C3 /* StopsStruct.swift in Sources */,
				1628FA8B2D81FF50000C3038 /* CyrideAttributes.swift in Sources */,
			);
			runOnlyForDeploymentPostprocessing = 0;
		};
		1628FA6F2D81FF16000C3038 /* Sources */ = {
			isa = PBXSourcesBuildPhase;
			buildActionMask = 2147483647;
			files = (
				1628FA7D2D81FF16000C3038 /* cyrideInfoLiveActivity.swift in Sources */,
				1628FA7F2D81FF16000C3038 /* cyrideInfo.swift in Sources */,
				1628FA7B2D81FF16000C3038 /* cyrideInfoBundle.swift in Sources */,
			);
			runOnlyForDeploymentPostprocessing = 0;
		};
/* End PBXSourcesBuildPhase section */

/* Begin PBXTargetDependency section */
		1628FA842D81FF18000C3038 /* PBXTargetDependency */ = {
			isa = PBXTargetDependency;
			target = 1628FA722D81FF16000C3038 /* cyrideInfoExtension */;
			targetProxy = 1628FA832D81FF18000C3038 /* PBXContainerItemProxy */;
		};
/* End PBXTargetDependency section */

/* Begin XCBuildConfiguration section */
		1628FA672D81FC0A000C3038 /* Debug */ = {
			isa = XCBuildConfiguration;
			buildSettings = {
				ALWAYS_SEARCH_USER_PATHS = NO;
				ASSETCATALOG_COMPILER_GENERATE_SWIFT_ASSET_SYMBOL_EXTENSIONS = YES;
				CLANG_ANALYZER_NONNULL = YES;
				CLANG_ANALYZER_NUMBER_OBJECT_CONVERSION = YES_AGGRESSIVE;
				CLANG_CXX_LANGUAGE_STANDARD = "gnu++20";
				CLANG_ENABLE_MODULES = YES;
				CLANG_ENABLE_OBJC_ARC = YES;
				CLANG_ENABLE_OBJC_WEAK = YES;
				CLANG_WARN_BLOCK_CAPTURE_AUTORELEASING = YES;
				CLANG_WARN_BOOL_CONVERSION = YES;
				CLANG_WARN_COMMA = YES;
				CLANG_WARN_CONSTANT_CONVERSION = YES;
				CLANG_WARN_DEPRECATED_OBJC_IMPLEMENTATIONS = YES;
				CLANG_WARN_DIRECT_OBJC_ISA_USAGE = YES_ERROR;
				CLANG_WARN_DOCUMENTATION_COMMENTS = YES;
				CLANG_WARN_EMPTY_BODY = YES;
				CLANG_WARN_ENUM_CONVERSION = YES;
				CLANG_WARN_INFINITE_RECURSION = YES;
				CLANG_WARN_INT_CONVERSION = YES;
				CLANG_WARN_NON_LITERAL_NULL_CONVERSION = YES;
				CLANG_WARN_OBJC_IMPLICIT_RETAIN_SELF = YES;
				CLANG_WARN_OBJC_LITERAL_CONVERSION = YES;
				CLANG_WARN_OBJC_ROOT_CLASS = YES_ERROR;
				CLANG_WARN_QUOTED_INCLUDE_IN_FRAMEWORK_HEADER = YES;
				CLANG_WARN_RANGE_LOOP_ANALYSIS = YES;
				CLANG_WARN_STRICT_PROTOTYPES = YES;
				CLANG_WARN_SUSPICIOUS_MOVE = YES;
				CLANG_WARN_UNGUARDED_AVAILABILITY = YES_AGGRESSIVE;
				CLANG_WARN_UNREACHABLE_CODE = YES;
				CLANG_WARN__DUPLICATE_METHOD_MATCH = YES;
				COPY_PHASE_STRIP = NO;
				DEBUG_INFORMATION_FORMAT = dwarf;
				ENABLE_STRICT_OBJC_MSGSEND = YES;
				ENABLE_TESTABILITY = YES;
				ENABLE_USER_SCRIPT_SANDBOXING = YES;
				GCC_C_LANGUAGE_STANDARD = gnu17;
				GCC_DYNAMIC_NO_PIC = NO;
				GCC_NO_COMMON_BLOCKS = YES;
				GCC_OPTIMIZATION_LEVEL = 0;
				GCC_PREPROCESSOR_DEFINITIONS = (
					"DEBUG=1",
					"$(inherited)",
				);
				GCC_WARN_64_TO_32_BIT_CONVERSION = YES;
				GCC_WARN_ABOUT_RETURN_TYPE = YES_ERROR;
				GCC_WARN_UNDECLARED_SELECTOR = YES;
				GCC_WARN_UNINITIALIZED_AUTOS = YES_AGGRESSIVE;
				GCC_WARN_UNUSED_FUNCTION = YES;
				GCC_WARN_UNUSED_VARIABLE = YES;
				IPHONEOS_DEPLOYMENT_TARGET = 17.5;
				LOCALIZATION_PREFERS_STRING_CATALOGS = YES;
				MTL_ENABLE_DEBUG_INFO = INCLUDE_SOURCE;
				MTL_FAST_MATH = YES;
				ONLY_ACTIVE_ARCH = YES;
				SDKROOT = iphoneos;
				SWIFT_ACTIVE_COMPILATION_CONDITIONS = "DEBUG $(inherited)";
				SWIFT_OPTIMIZATION_LEVEL = "-Onone";
			};
			name = Debug;
		};
		1628FA682D81FC0A000C3038 /* Release */ = {
			isa = XCBuildConfiguration;
			buildSettings = {
				ALWAYS_SEARCH_USER_PATHS = NO;
				ASSETCATALOG_COMPILER_GENERATE_SWIFT_ASSET_SYMBOL_EXTENSIONS = YES;
				CLANG_ANALYZER_NONNULL = YES;
				CLANG_ANALYZER_NUMBER_OBJECT_CONVERSION = YES_AGGRESSIVE;
				CLANG_CXX_LANGUAGE_STANDARD = "gnu++20";
				CLANG_ENABLE_MODULES = YES;
				CLANG_ENABLE_OBJC_ARC = YES;
				CLANG_ENABLE_OBJC_WEAK = YES;
				CLANG_WARN_BLOCK_CAPTURE_AUTORELEASING = YES;
				CLANG_WARN_BOOL_CONVERSION = YES;
				CLANG_WARN_COMMA = YES;
				CLANG_WARN_CONSTANT_CONVERSION = YES;
				CLANG_WARN_DEPRECATED_OBJC_IMPLEMENTATIONS = YES;
				CLANG_WARN_DIRECT_OBJC_ISA_USAGE = YES_ERROR;
				CLANG_WARN_DOCUMENTATION_COMMENTS = YES;
				CLANG_WARN_EMPTY_BODY = YES;
				CLANG_WARN_ENUM_CONVERSION = YES;
				CLANG_WARN_INFINITE_RECURSION = YES;
				CLANG_WARN_INT_CONVERSION = YES;
				CLANG_WARN_NON_LITERAL_NULL_CONVERSION = YES;
				CLANG_WARN_OBJC_IMPLICIT_RETAIN_SELF = YES;
				CLANG_WARN_OBJC_LITERAL_CONVERSION = YES;
				CLANG_WARN_OBJC_ROOT_CLASS = YES_ERROR;
				CLANG_WARN_QUOTED_INCLUDE_IN_FRAMEWORK_HEADER = YES;
				CLANG_WARN_RANGE_LOOP_ANALYSIS = YES;
				CLANG_WARN_STRICT_PROTOTYPES = YES;
				CLANG_WARN_SUSPICIOUS_MOVE = YES;
				CLANG_WARN_UNGUARDED_AVAILABILITY = YES_AGGRESSIVE;
				CLANG_WARN_UNREACHABLE_CODE = YES;
				CLANG_WARN__DUPLICATE_METHOD_MATCH = YES;
				COPY_PHASE_STRIP = NO;
				DEBUG_INFORMATION_FORMAT = "dwarf-with-dsym";
				ENABLE_NS_ASSERTIONS = NO;
				ENABLE_STRICT_OBJC_MSGSEND = YES;
				ENABLE_USER_SCRIPT_SANDBOXING = YES;
				GCC_C_LANGUAGE_STANDARD = gnu17;
				GCC_NO_COMMON_BLOCKS = YES;
				GCC_WARN_64_TO_32_BIT_CONVERSION = YES;
				GCC_WARN_ABOUT_RETURN_TYPE = YES_ERROR;
				GCC_WARN_UNDECLARED_SELECTOR = YES;
				GCC_WARN_UNINITIALIZED_AUTOS = YES_AGGRESSIVE;
				GCC_WARN_UNUSED_FUNCTION = YES;
				GCC_WARN_UNUSED_VARIABLE = YES;
				IPHONEOS_DEPLOYMENT_TARGET = 17.5;
				LOCALIZATION_PREFERS_STRING_CATALOGS = YES;
				MTL_ENABLE_DEBUG_INFO = NO;
				MTL_FAST_MATH = YES;
				SDKROOT = iphoneos;
				SWIFT_COMPILATION_MODE = wholemodule;
				VALIDATE_PRODUCT = YES;
			};
			name = Release;
		};
		1628FA6A2D81FC0A000C3038 /* Debug */ = {
			isa = XCBuildConfiguration;
			buildSettings = {
				ALWAYS_EMBED_SWIFT_STANDARD_LIBRARIES = YES;
				ASSETCATALOG_COMPILER_APPICON_NAME = AppIcon;
				ASSETCATALOG_COMPILER_GLOBAL_ACCENT_COLOR_NAME = AccentColor;
				CODE_SIGN_STYLE = Automatic;
				CURRENT_PROJECT_VERSION = 1;
				DEVELOPMENT_ASSET_PATHS = "\"CyrideLA/Preview Content\"";
				DEVELOPMENT_TEAM = KAS388LMH3;
				ENABLE_PREVIEWS = YES;
				GENERATE_INFOPLIST_FILE = YES;
				INFOPLIST_KEY_UIApplicationSceneManifest_Generation = YES;
				INFOPLIST_KEY_UIApplicationSupportsIndirectInputEvents = YES;
				INFOPLIST_KEY_UILaunchScreen_Generation = YES;
				INFOPLIST_KEY_UISupportedInterfaceOrientations_iPad = "UIInterfaceOrientationPortrait UIInterfaceOrientationPortraitUpsideDown UIInterfaceOrientationLandscapeLeft UIInterfaceOrientationLandscapeRight";
				INFOPLIST_KEY_UISupportedInterfaceOrientations_iPhone = "UIInterfaceOrientationPortrait UIInterfaceOrientationLandscapeLeft UIInterfaceOrientationLandscapeRight";
				LD_RUNPATH_SEARCH_PATHS = (
					"$(inherited)",
					"@executable_path/Frameworks",
				);
				MARKETING_VERSION = 1.0;
				PRODUCT_BUNDLE_IDENTIFIER = com.wdenjaime.CyrideLA;
				PRODUCT_NAME = "$(TARGET_NAME)";
				SWIFT_EMIT_LOC_STRINGS = YES;
				SWIFT_VERSION = 5.0;
				TARGETED_DEVICE_FAMILY = "1,2";
			};
			name = Debug;
		};
		1628FA6B2D81FC0A000C3038 /* Release */ = {
			isa = XCBuildConfiguration;
			buildSettings = {
				ALWAYS_EMBED_SWIFT_STANDARD_LIBRARIES = YES;
				ASSETCATALOG_COMPILER_APPICON_NAME = AppIcon;
				ASSETCATALOG_COMPILER_GLOBAL_ACCENT_COLOR_NAME = AccentColor;
				CODE_SIGN_STYLE = Automatic;
				CURRENT_PROJECT_VERSION = 1;
				DEVELOPMENT_ASSET_PATHS = "\"CyrideLA/Preview Content\"";
				DEVELOPMENT_TEAM = KAS388LMH3;
				ENABLE_PREVIEWS = YES;
				GENERATE_INFOPLIST_FILE = YES;
				INFOPLIST_KEY_UIApplicationSceneManifest_Generation = YES;
				INFOPLIST_KEY_UIApplicationSupportsIndirectInputEvents = YES;
				INFOPLIST_KEY_UILaunchScreen_Generation = YES;
				INFOPLIST_KEY_UISupportedInterfaceOrientations_iPad = "UIInterfaceOrientationPortrait UIInterfaceOrientationPortraitUpsideDown UIInterfaceOrientationLandscapeLeft UIInterfaceOrientationLandscapeRight";
				INFOPLIST_KEY_UISupportedInterfaceOrientations_iPhone = "UIInterfaceOrientationPortrait UIInterfaceOrientationLandscapeLeft UIInterfaceOrientationLandscapeRight";
				LD_RUNPATH_SEARCH_PATHS = (
					"$(inherited)",
					"@executable_path/Frameworks",
				);
				MARKETING_VERSION = 1.0;
				PRODUCT_BUNDLE_IDENTIFIER = com.wdenjaime.CyrideLA;
				PRODUCT_NAME = "$(TARGET_NAME)";
				SWIFT_EMIT_LOC_STRINGS = YES;
				SWIFT_VERSION = 5.0;
				TARGETED_DEVICE_FAMILY = "1,2";
			};
			name = Release;
		};
		1628FA872D81FF18000C3038 /* Debug */ = {
			isa = XCBuildConfiguration;
			buildSettings = {
				ASSETCATALOG_COMPILER_GLOBAL_ACCENT_COLOR_NAME = AccentColor;
				ASSETCATALOG_COMPILER_WIDGET_BACKGROUND_COLOR_NAME = WidgetBackground;
				CODE_SIGN_STYLE = Automatic;
				CURRENT_PROJECT_VERSION = 1;
				DEVELOPMENT_TEAM = KAS388LMH3;
				GENERATE_INFOPLIST_FILE = YES;
				INFOPLIST_FILE = cyrideInfo/Info.plist;
				INFOPLIST_KEY_CFBundleDisplayName = cyrideInfo;
				INFOPLIST_KEY_NSHumanReadableCopyright = "";
				LD_RUNPATH_SEARCH_PATHS = (
					"$(inherited)",
					"@executable_path/Frameworks",
					"@executable_path/../../Frameworks",
				);
				MARKETING_VERSION = 1.0;
				PRODUCT_BUNDLE_IDENTIFIER = com.wdenjaime.CyrideLA.cyrideInfo;
				PRODUCT_NAME = "$(TARGET_NAME)";
				SKIP_INSTALL = YES;
				SWIFT_EMIT_LOC_STRINGS = YES;
				SWIFT_VERSION = 5.0;
				TARGETED_DEVICE_FAMILY = "1,2";
			};
			name = Debug;
		};
		1628FA882D81FF18000C3038 /* Release */ = {
			isa = XCBuildConfiguration;
			buildSettings = {
				ASSETCATALOG_COMPILER_GLOBAL_ACCENT_COLOR_NAME = AccentColor;
				ASSETCATALOG_COMPILER_WIDGET_BACKGROUND_COLOR_NAME = WidgetBackground;
				CODE_SIGN_STYLE = Automatic;
				CURRENT_PROJECT_VERSION = 1;
				DEVELOPMENT_TEAM = KAS388LMH3;
				GENERATE_INFOPLIST_FILE = YES;
				INFOPLIST_FILE = cyrideInfo/Info.plist;
				INFOPLIST_KEY_CFBundleDisplayName = cyrideInfo;
				INFOPLIST_KEY_NSHumanReadableCopyright = "";
				LD_RUNPATH_SEARCH_PATHS = (
					"$(inherited)",
					"@executable_path/Frameworks",
					"@executable_path/../../Frameworks",
				);
				MARKETING_VERSION = 1.0;
				PRODUCT_BUNDLE_IDENTIFIER = com.wdenjaime.CyrideLA.cyrideInfo;
				PRODUCT_NAME = "$(TARGET_NAME)";
				SKIP_INSTALL = YES;
				SWIFT_EMIT_LOC_STRINGS = YES;
				SWIFT_VERSION = 5.0;
				TARGETED_DEVICE_FAMILY = "1,2";
			};
			name = Release;
		};
/* End XCBuildConfiguration section */

/* Begin XCConfigurationList section */
		1628FA562D81FC08000C3038 /* Build configuration list for PBXProject "CyrideLA" */ = {
			isa = XCConfigurationList;
			buildConfigurations = (
				1628FA672D81FC0A000C3038 /* Debug */,
				1628FA682D81FC0A000C3038 /* Release */,
			);
			defaultConfigurationIsVisible = 0;
			defaultConfigurationName = Release;
		};
		1628FA692D81FC0A000C3038 /* Build configuration list for PBXNativeTarget "CyrideLA" */ = {
			isa = XCConfigurationList;
			buildConfigurations = (
				1628FA6A2D81FC0A000C3038 /* Debug */,
				1628FA6B2D81FC0A000C3038 /* Release */,
			);
			defaultConfigurationIsVisible = 0;
			defaultConfigurationName = Release;
		};
		1628FA862D81FF18000C3038 /* Build configuration list for PBXNativeTarget "cyrideInfoExtension" */ = {
			isa = XCConfigurationList;
			buildConfigurations = (
				1628FA872D81FF18000C3038 /* Debug */,
				1628FA882D81FF18000C3038 /* Release */,
			);
			defaultConfigurationIsVisible = 0;
			defaultConfigurationName = Release;
		};
/* End XCConfigurationList section */

/* Begin XCRemoteSwiftPackageReference section */
		1628FA6C2D81FED2000C3038 /* XCRemoteSwiftPackageReference "realm-swift" */ = {
			isa = XCRemoteSwiftPackageReference;
			repositoryURL = "https://github.com/realm/realm-swift.git";
			requirement = {
				kind = upToNextMinorVersion;
				minimumVersion = 10.54.3;
			};
		};
/* End XCRemoteSwiftPackageReference section */

/* Begin XCSwiftPackageProductDependency section */
		1628FA6D2D81FED2000C3038 /* RealmSwift */ = {
			isa = XCSwiftPackageProductDependency;
			package = 1628FA6C2D81FED2000C3038 /* XCRemoteSwiftPackageReference "realm-swift" */;
			productName = RealmSwift;
		};
/* End XCSwiftPackageProductDependency section */
	};
	rootObject = 1628FA532D81FC08000C3038 /* Project object */;
}
